// !$*UTF8*$!
{
	archiveVersion = 1;
	classes = {
	};
	objectVersion = 51;
	objects = {

/* Begin PBXBuildFile section */
		6E2CB0D4D17A6399D922396E /* Pods_autorent.framework in Frameworks */ = {isa = PBXBuildFile; fileRef = 718BA902787CF36DF6BF2FF0 /* Pods_autorent.framework */; };
		E2550F052757B9AC0059B96C /* EmptyView.swift in Sources */ = {isa = PBXBuildFile; fileRef = E2550F042757B9AC0059B96C /* EmptyView.swift */; };
		E2550F0B2757C3780059B96C /* Localizable.strings in Resources */ = {isa = PBXBuildFile; fileRef = E2550F0D2757C3780059B96C /* Localizable.strings */; };
		E2550F142757D72D0059B96C /* ButtonFilterStyle.swift in Sources */ = {isa = PBXBuildFile; fileRef = E2550F132757D72D0059B96C /* ButtonFilterStyle.swift */; };
		E2550F162757E60C0059B96C /* TabBarItemView.swift in Sources */ = {isa = PBXBuildFile; fileRef = E2550F152757E60C0059B96C /* TabBarItemView.swift */; };
		E2589B0827523A4100BFF698 /* autorentApp.swift in Sources */ = {isa = PBXBuildFile; fileRef = E2589B0727523A4100BFF698 /* autorentApp.swift */; };
		E2589B0A27523A4100BFF698 /* ApplicationsView.swift in Sources */ = {isa = PBXBuildFile; fileRef = E2589B0927523A4100BFF698 /* ApplicationsView.swift */; };
		E2589B0C27523A4F00BFF698 /* Assets.xcassets in Resources */ = {isa = PBXBuildFile; fileRef = E2589B0B27523A4F00BFF698 /* Assets.xcassets */; };
		E2589B0F27523A4F00BFF698 /* Preview Assets.xcassets in Resources */ = {isa = PBXBuildFile; fileRef = E2589B0E27523A4F00BFF698 /* Preview Assets.xcassets */; };
		E27EA4132756AB03001F7BB4 /* Entity.swift in Sources */ = {isa = PBXBuildFile; fileRef = E27EA4122756AB03001F7BB4 /* Entity.swift */; };
		E27EA41527575623001F7BB4 /* Pagination.swift in Sources */ = {isa = PBXBuildFile; fileRef = E27EA41427575623001F7BB4 /* Pagination.swift */; };
		E27EA41727576CDB001F7BB4 /* LoadingRowView.swift in Sources */ = {isa = PBXBuildFile; fileRef = E27EA41627576CDB001F7BB4 /* LoadingRowView.swift */; };
		E27EA41927577CCD001F7BB4 /* LoadingView.swift in Sources */ = {isa = PBXBuildFile; fileRef = E27EA41827577CCD001F7BB4 /* LoadingView.swift */; };
		E27EA41B2757806C001F7BB4 /* ErrorView.swift in Sources */ = {isa = PBXBuildFile; fileRef = E27EA41A2757806C001F7BB4 /* ErrorView.swift */; };
		E28538812754DE3D0008F6FB /* MapView.swift in Sources */ = {isa = PBXBuildFile; fileRef = E28538802754DE3D0008F6FB /* MapView.swift */; };
		E28538852755BE560008F6FB /* ApplicationsRowView.swift in Sources */ = {isa = PBXBuildFile; fileRef = E28538842755BE560008F6FB /* ApplicationsRowView.swift */; };
		E2853889275658F50008F6FB /* Color.swift in Sources */ = {isa = PBXBuildFile; fileRef = E2853888275658F50008F6FB /* Color.swift */; };
		E29B397027539BC5004CE06A /* Application.swift in Sources */ = {isa = PBXBuildFile; fileRef = E29B396F27539BC5004CE06A /* Application.swift */; };
		E29B397327539DD6004CE06A /* ApplicationRepository.swift in Sources */ = {isa = PBXBuildFile; fileRef = E29B397227539DD6004CE06A /* ApplicationRepository.swift */; };
		E29B39782753DC79004CE06A /* ApplicationsViewModel.swift in Sources */ = {isa = PBXBuildFile; fileRef = E29B39772753DC78004CE06A /* ApplicationsViewModel.swift */; };
		E29B397A275430D3004CE06A /* ApplicationViewModel.swift in Sources */ = {isa = PBXBuildFile; fileRef = E29B3979275430D3004CE06A /* ApplicationViewModel.swift */; };
		E29B397C27543257004CE06A /* ApplicationView.swift in Sources */ = {isa = PBXBuildFile; fileRef = E29B397B27543257004CE06A /* ApplicationView.swift */; };
		E29B397E2754498C004CE06A /* MainView.swift in Sources */ = {isa = PBXBuildFile; fileRef = E29B397D2754498B004CE06A /* MainView.swift */; };
		F6927866277920B2003BD0D5 /* ApplicationMainView.swift in Sources */ = {isa = PBXBuildFile; fileRef = F6927865277920B2003BD0D5 /* ApplicationMainView.swift */; };
		F692786927793B89003BD0D5 /* User.swift in Sources */ = {isa = PBXBuildFile; fileRef = F692786827793B89003BD0D5 /* User.swift */; };
		F692786B27793BE6003BD0D5 /* UserProfile.swift in Sources */ = {isa = PBXBuildFile; fileRef = F692786A27793BE6003BD0D5 /* UserProfile.swift */; };
		F692786E277947C6003BD0D5 /* Utils.swift in Sources */ = {isa = PBXBuildFile; fileRef = F692786D277947C6003BD0D5 /* Utils.swift */; };
		F6927871277A83E7003BD0D5 /* AddressRegion.swift in Sources */ = {isa = PBXBuildFile; fileRef = F6927870277A83E7003BD0D5 /* AddressRegion.swift */; };
		F6927873277A8445003BD0D5 /* AddressCity.swift in Sources */ = {isa = PBXBuildFile; fileRef = F6927872277A8445003BD0D5 /* AddressCity.swift */; };
		F6927875277A8465003BD0D5 /* AddressDistrict.swift in Sources */ = {isa = PBXBuildFile; fileRef = F6927874277A8465003BD0D5 /* AddressDistrict.swift */; };
		F6927877277A8493003BD0D5 /* AddressStreet.swift in Sources */ = {isa = PBXBuildFile; fileRef = F6927876277A8493003BD0D5 /* AddressStreet.swift */; };
		F6927879277A84C6003BD0D5 /* Address.swift in Sources */ = {isa = PBXBuildFile; fileRef = F6927878277A84C6003BD0D5 /* Address.swift */; };
		F6ADCC27277B2FB100A1CE80 /* ApplicationItem.swift in Sources */ = {isa = PBXBuildFile; fileRef = F6ADCC26277B2FB100A1CE80 /* ApplicationItem.swift */; };
		F6ADCC29277B307600A1CE80 /* ApplicationItemVehicleParams.swift in Sources */ = {isa = PBXBuildFile; fileRef = F6ADCC28277B307600A1CE80 /* ApplicationItemVehicleParams.swift */; };
		F6ADCC2B277B30EE00A1CE80 /* VehicleType.swift in Sources */ = {isa = PBXBuildFile; fileRef = F6ADCC2A277B30EE00A1CE80 /* VehicleType.swift */; };
		F6ADCC2E277BE8D000A1CE80 /* BaseStatus.swift in Sources */ = {isa = PBXBuildFile; fileRef = F6ADCC2D277BE8D000A1CE80 /* BaseStatus.swift */; };
		F6ADCC30277BE96500A1CE80 /* BaseDictionary.swift in Sources */ = {isa = PBXBuildFile; fileRef = F6ADCC2F277BE96500A1CE80 /* BaseDictionary.swift */; };
		F6ADCC32277BE9F400A1CE80 /* BaseHistory.swift in Sources */ = {isa = PBXBuildFile; fileRef = F6ADCC31277BE9F400A1CE80 /* BaseHistory.swift */; };
		F6ADCC34277BEADB00A1CE80 /* ApplicationHistory.swift in Sources */ = {isa = PBXBuildFile; fileRef = F6ADCC33277BEADB00A1CE80 /* ApplicationHistory.swift */; };
		F6ADCC36277BEB3700A1CE80 /* ApplicationHistoryView.swift in Sources */ = {isa = PBXBuildFile; fileRef = F6ADCC35277BEB3700A1CE80 /* ApplicationHistoryView.swift */; };
		F6ADCC3B2781A12B00A1CE80 /* ApplicationItemVehicleOption.swift in Sources */ = {isa = PBXBuildFile; fileRef = F6ADCC3A2781A12B00A1CE80 /* ApplicationItemVehicleOption.swift */; };
		F6ADCC3D2782DC8700A1CE80 /* VehicleOption.swift in Sources */ = {isa = PBXBuildFile; fileRef = F6ADCC3C2782DC8700A1CE80 /* VehicleOption.swift */; };
		F6ADCC3F2782DCF700A1CE80 /* VehicleOptionType.swift in Sources */ = {isa = PBXBuildFile; fileRef = F6ADCC3E2782DCF700A1CE80 /* VehicleOptionType.swift */; };
		F6ADCC422785B62100A1CE80 /* ApplicationMainEditView.swift in Sources */ = {isa = PBXBuildFile; fileRef = F6ADCC412785B62100A1CE80 /* ApplicationMainEditView.swift */; };
		F6ADCC442785B6A500A1CE80 /* ApplicationItemView.swift in Sources */ = {isa = PBXBuildFile; fileRef = F6ADCC432785B6A500A1CE80 /* ApplicationItemView.swift */; };
		F6ADCC462785D0CC00A1CE80 /* ModeView.swift in Sources */ = {isa = PBXBuildFile; fileRef = F6ADCC452785D0CC00A1CE80 /* ModeView.swift */; };
		F6ADCC482786E92A00A1CE80 /* ApplicationItemEditView.swift in Sources */ = {isa = PBXBuildFile; fileRef = F6ADCC472786E92A00A1CE80 /* ApplicationItemEditView.swift */; };
		F6ADCC4C278730C900A1CE80 /* DatetimePicker.swift in Sources */ = {isa = PBXBuildFile; fileRef = F6ADCC4B278730C900A1CE80 /* DatetimePicker.swift */; };
		F6ADCC512787A1B100A1CE80 /* PickerVehicleTypesView.swift in Sources */ = {isa = PBXBuildFile; fileRef = F6ADCC502787A1B100A1CE80 /* PickerVehicleTypesView.swift */; };
		F6ADCC53278850F200A1CE80 /* DictionaryRepository.swift in Sources */ = {isa = PBXBuildFile; fileRef = F6ADCC52278850F200A1CE80 /* DictionaryRepository.swift */; };
		F6ADCC552788512F00A1CE80 /* NetworkService.swift in Sources */ = {isa = PBXBuildFile; fileRef = F6ADCC542788512F00A1CE80 /* NetworkService.swift */; };
		F6ADCC58278859F200A1CE80 /* VehicleTypesViewModel.swift in Sources */ = {isa = PBXBuildFile; fileRef = F6ADCC57278859F200A1CE80 /* VehicleTypesViewModel.swift */; };
		F6ADCC5B2789B94B00A1CE80 /* ApplicationModel.swift in Sources */ = {isa = PBXBuildFile; fileRef = F6ADCC5A2789B94B00A1CE80 /* ApplicationModel.swift */; };
/* End PBXBuildFile section */

/* Begin PBXFileReference section */
		718BA902787CF36DF6BF2FF0 /* Pods_autorent.framework */ = {isa = PBXFileReference; explicitFileType = wrapper.framework; includeInIndex = 0; path = Pods_autorent.framework; sourceTree = BUILT_PRODUCTS_DIR; };
		8E499A64F43267DE09131D0C /* Pods-autorent.debug.xcconfig */ = {isa = PBXFileReference; includeInIndex = 1; lastKnownFileType = text.xcconfig; name = "Pods-autorent.debug.xcconfig"; path = "Target Support Files/Pods-autorent/Pods-autorent.debug.xcconfig"; sourceTree = "<group>"; };
		9ECB5D45DAEC621C4F164619 /* Pods-autorent.release.xcconfig */ = {isa = PBXFileReference; includeInIndex = 1; lastKnownFileType = text.xcconfig; name = "Pods-autorent.release.xcconfig"; path = "Target Support Files/Pods-autorent/Pods-autorent.release.xcconfig"; sourceTree = "<group>"; };
		E2550F042757B9AC0059B96C /* EmptyView.swift */ = {isa = PBXFileReference; lastKnownFileType = sourcecode.swift; path = EmptyView.swift; sourceTree = "<group>"; };
		E2550F0C2757C3780059B96C /* ru */ = {isa = PBXFileReference; lastKnownFileType = text.plist.strings; name = ru; path = ru.lproj/Localizable.strings; sourceTree = "<group>"; };
		E2550F0E2757C3DA0059B96C /* en */ = {isa = PBXFileReference; lastKnownFileType = text.plist.strings; name = en; path = en.lproj/Localizable.strings; sourceTree = "<group>"; };
		E2550F132757D72D0059B96C /* ButtonFilterStyle.swift */ = {isa = PBXFileReference; lastKnownFileType = sourcecode.swift; path = ButtonFilterStyle.swift; sourceTree = "<group>"; };
		E2550F152757E60C0059B96C /* TabBarItemView.swift */ = {isa = PBXFileReference; lastKnownFileType = sourcecode.swift; path = TabBarItemView.swift; sourceTree = "<group>"; };
		E2589B0427523A4100BFF698 /* autorent.app */ = {isa = PBXFileReference; explicitFileType = wrapper.application; includeInIndex = 0; path = autorent.app; sourceTree = BUILT_PRODUCTS_DIR; };
		E2589B0727523A4100BFF698 /* autorentApp.swift */ = {isa = PBXFileReference; lastKnownFileType = sourcecode.swift; path = autorentApp.swift; sourceTree = "<group>"; };
		E2589B0927523A4100BFF698 /* ApplicationsView.swift */ = {isa = PBXFileReference; lastKnownFileType = sourcecode.swift; path = ApplicationsView.swift; sourceTree = "<group>"; };
		E2589B0B27523A4F00BFF698 /* Assets.xcassets */ = {isa = PBXFileReference; lastKnownFileType = folder.assetcatalog; path = Assets.xcassets; sourceTree = "<group>"; };
		E2589B0E27523A4F00BFF698 /* Preview Assets.xcassets */ = {isa = PBXFileReference; lastKnownFileType = folder.assetcatalog; path = "Preview Assets.xcassets"; sourceTree = "<group>"; };
		E2589B1027523A4F00BFF698 /* Info.plist */ = {isa = PBXFileReference; lastKnownFileType = text.plist.xml; path = Info.plist; sourceTree = "<group>"; };
		E27EA4122756AB03001F7BB4 /* Entity.swift */ = {isa = PBXFileReference; lastKnownFileType = sourcecode.swift; path = Entity.swift; sourceTree = "<group>"; };
		E27EA41427575623001F7BB4 /* Pagination.swift */ = {isa = PBXFileReference; lastKnownFileType = sourcecode.swift; path = Pagination.swift; sourceTree = "<group>"; };
		E27EA41627576CDB001F7BB4 /* LoadingRowView.swift */ = {isa = PBXFileReference; lastKnownFileType = sourcecode.swift; path = LoadingRowView.swift; sourceTree = "<group>"; };
		E27EA41827577CCD001F7BB4 /* LoadingView.swift */ = {isa = PBXFileReference; lastKnownFileType = sourcecode.swift; path = LoadingView.swift; sourceTree = "<group>"; };
		E27EA41A2757806C001F7BB4 /* ErrorView.swift */ = {isa = PBXFileReference; lastKnownFileType = sourcecode.swift; path = ErrorView.swift; sourceTree = "<group>"; };
		E28538802754DE3D0008F6FB /* MapView.swift */ = {isa = PBXFileReference; lastKnownFileType = sourcecode.swift; path = MapView.swift; sourceTree = "<group>"; };
		E28538842755BE560008F6FB /* ApplicationsRowView.swift */ = {isa = PBXFileReference; lastKnownFileType = sourcecode.swift; path = ApplicationsRowView.swift; sourceTree = "<group>"; };
		E2853888275658F50008F6FB /* Color.swift */ = {isa = PBXFileReference; lastKnownFileType = sourcecode.swift; path = Color.swift; sourceTree = "<group>"; };
		E29B396F27539BC5004CE06A /* Application.swift */ = {isa = PBXFileReference; lastKnownFileType = sourcecode.swift; path = Application.swift; sourceTree = "<group>"; };
		E29B397227539DD6004CE06A /* ApplicationRepository.swift */ = {isa = PBXFileReference; lastKnownFileType = sourcecode.swift; path = ApplicationRepository.swift; sourceTree = "<group>"; };
		E29B39772753DC78004CE06A /* ApplicationsViewModel.swift */ = {isa = PBXFileReference; lastKnownFileType = sourcecode.swift; path = ApplicationsViewModel.swift; sourceTree = "<group>"; };
		E29B3979275430D3004CE06A /* ApplicationViewModel.swift */ = {isa = PBXFileReference; lastKnownFileType = sourcecode.swift; path = ApplicationViewModel.swift; sourceTree = "<group>"; };
		E29B397B27543257004CE06A /* ApplicationView.swift */ = {isa = PBXFileReference; lastKnownFileType = sourcecode.swift; path = ApplicationView.swift; sourceTree = "<group>"; };
		E29B397D2754498B004CE06A /* MainView.swift */ = {isa = PBXFileReference; lastKnownFileType = sourcecode.swift; path = MainView.swift; sourceTree = "<group>"; };
		F6927865277920B2003BD0D5 /* ApplicationMainView.swift */ = {isa = PBXFileReference; lastKnownFileType = sourcecode.swift; path = ApplicationMainView.swift; sourceTree = "<group>"; };
		F692786827793B89003BD0D5 /* User.swift */ = {isa = PBXFileReference; lastKnownFileType = sourcecode.swift; path = User.swift; sourceTree = "<group>"; };
		F692786A27793BE6003BD0D5 /* UserProfile.swift */ = {isa = PBXFileReference; lastKnownFileType = sourcecode.swift; path = UserProfile.swift; sourceTree = "<group>"; };
		F692786D277947C6003BD0D5 /* Utils.swift */ = {isa = PBXFileReference; lastKnownFileType = sourcecode.swift; path = Utils.swift; sourceTree = "<group>"; };
		F6927870277A83E7003BD0D5 /* AddressRegion.swift */ = {isa = PBXFileReference; lastKnownFileType = sourcecode.swift; path = AddressRegion.swift; sourceTree = "<group>"; };
		F6927872277A8445003BD0D5 /* AddressCity.swift */ = {isa = PBXFileReference; lastKnownFileType = sourcecode.swift; path = AddressCity.swift; sourceTree = "<group>"; };
		F6927874277A8465003BD0D5 /* AddressDistrict.swift */ = {isa = PBXFileReference; lastKnownFileType = sourcecode.swift; path = AddressDistrict.swift; sourceTree = "<group>"; };
		F6927876277A8493003BD0D5 /* AddressStreet.swift */ = {isa = PBXFileReference; lastKnownFileType = sourcecode.swift; path = AddressStreet.swift; sourceTree = "<group>"; };
		F6927878277A84C6003BD0D5 /* Address.swift */ = {isa = PBXFileReference; lastKnownFileType = sourcecode.swift; path = Address.swift; sourceTree = "<group>"; };
		F6ADCC26277B2FB100A1CE80 /* ApplicationItem.swift */ = {isa = PBXFileReference; lastKnownFileType = sourcecode.swift; path = ApplicationItem.swift; sourceTree = "<group>"; };
		F6ADCC28277B307600A1CE80 /* ApplicationItemVehicleParams.swift */ = {isa = PBXFileReference; lastKnownFileType = sourcecode.swift; path = ApplicationItemVehicleParams.swift; sourceTree = "<group>"; };
		F6ADCC2A277B30EE00A1CE80 /* VehicleType.swift */ = {isa = PBXFileReference; lastKnownFileType = sourcecode.swift; path = VehicleType.swift; sourceTree = "<group>"; };
		F6ADCC2D277BE8D000A1CE80 /* BaseStatus.swift */ = {isa = PBXFileReference; lastKnownFileType = sourcecode.swift; path = BaseStatus.swift; sourceTree = "<group>"; };
		F6ADCC2F277BE96500A1CE80 /* BaseDictionary.swift */ = {isa = PBXFileReference; lastKnownFileType = sourcecode.swift; path = BaseDictionary.swift; sourceTree = "<group>"; };
		F6ADCC31277BE9F400A1CE80 /* BaseHistory.swift */ = {isa = PBXFileReference; lastKnownFileType = sourcecode.swift; path = BaseHistory.swift; sourceTree = "<group>"; };
		F6ADCC33277BEADB00A1CE80 /* ApplicationHistory.swift */ = {isa = PBXFileReference; lastKnownFileType = sourcecode.swift; path = ApplicationHistory.swift; sourceTree = "<group>"; };
		F6ADCC35277BEB3700A1CE80 /* ApplicationHistoryView.swift */ = {isa = PBXFileReference; lastKnownFileType = sourcecode.swift; path = ApplicationHistoryView.swift; sourceTree = "<group>"; };
		F6ADCC3A2781A12B00A1CE80 /* ApplicationItemVehicleOption.swift */ = {isa = PBXFileReference; lastKnownFileType = sourcecode.swift; path = ApplicationItemVehicleOption.swift; sourceTree = "<group>"; };
		F6ADCC3C2782DC8700A1CE80 /* VehicleOption.swift */ = {isa = PBXFileReference; lastKnownFileType = sourcecode.swift; path = VehicleOption.swift; sourceTree = "<group>"; };
		F6ADCC3E2782DCF700A1CE80 /* VehicleOptionType.swift */ = {isa = PBXFileReference; lastKnownFileType = sourcecode.swift; path = VehicleOptionType.swift; sourceTree = "<group>"; };
		F6ADCC412785B62100A1CE80 /* ApplicationMainEditView.swift */ = {isa = PBXFileReference; lastKnownFileType = sourcecode.swift; path = ApplicationMainEditView.swift; sourceTree = "<group>"; };
		F6ADCC432785B6A500A1CE80 /* ApplicationItemView.swift */ = {isa = PBXFileReference; lastKnownFileType = sourcecode.swift; path = ApplicationItemView.swift; sourceTree = "<group>"; };
		F6ADCC452785D0CC00A1CE80 /* ModeView.swift */ = {isa = PBXFileReference; lastKnownFileType = sourcecode.swift; path = ModeView.swift; sourceTree = "<group>"; };
		F6ADCC472786E92A00A1CE80 /* ApplicationItemEditView.swift */ = {isa = PBXFileReference; lastKnownFileType = sourcecode.swift; path = ApplicationItemEditView.swift; sourceTree = "<group>"; };
		F6ADCC4B278730C900A1CE80 /* DatetimePicker.swift */ = {isa = PBXFileReference; lastKnownFileType = sourcecode.swift; path = DatetimePicker.swift; sourceTree = "<group>"; };
		F6ADCC502787A1B100A1CE80 /* PickerVehicleTypesView.swift */ = {isa = PBXFileReference; lastKnownFileType = sourcecode.swift; path = PickerVehicleTypesView.swift; sourceTree = "<group>"; };
		F6ADCC52278850F200A1CE80 /* DictionaryRepository.swift */ = {isa = PBXFileReference; lastKnownFileType = sourcecode.swift; path = DictionaryRepository.swift; sourceTree = "<group>"; };
		F6ADCC542788512F00A1CE80 /* NetworkService.swift */ = {isa = PBXFileReference; lastKnownFileType = sourcecode.swift; path = NetworkService.swift; sourceTree = "<group>"; };
		F6ADCC57278859F200A1CE80 /* VehicleTypesViewModel.swift */ = {isa = PBXFileReference; lastKnownFileType = sourcecode.swift; path = VehicleTypesViewModel.swift; sourceTree = "<group>"; };
		F6ADCC5A2789B94B00A1CE80 /* ApplicationModel.swift */ = {isa = PBXFileReference; lastKnownFileType = sourcecode.swift; path = ApplicationModel.swift; sourceTree = "<group>"; };
/* End PBXFileReference section */

/* Begin PBXFrameworksBuildPhase section */
		E2589B0127523A4100BFF698 /* Frameworks */ = {
			isa = PBXFrameworksBuildPhase;
			buildActionMask = 2147483647;
			files = (
				6E2CB0D4D17A6399D922396E /* Pods_autorent.framework in Frameworks */,
			);
			runOnlyForDeploymentPostprocessing = 0;
		};
/* End PBXFrameworksBuildPhase section */

/* Begin PBXGroup section */
		5F687AF7647AC2B50CAC276A /* Frameworks */ = {
			isa = PBXGroup;
			children = (
				718BA902787CF36DF6BF2FF0 /* Pods_autorent.framework */,
			);
			name = Frameworks;
			sourceTree = "<group>";
		};
		E219C2882752EC9600870896 /* models */ = {
			isa = PBXGroup;
			children = (
				F692786F277A83BE003BD0D5 /* address */,
				E2550F112757C6A60059B96C /* application */,
				E2550F122757C6B20059B96C /* common */,
				F6ADCC2C277B311400A1CE80 /* vehicle */,
				F692786727793B6E003BD0D5 /* user */,
			);
			path = models;
			sourceTree = "<group>";
		};
		E219C2892752ECB900870896 /* viewmodels */ = {
			isa = PBXGroup;
			children = (
				E2550F102757C68D0059B96C /* applications */,
				F6ADCC56278859D300A1CE80 /* vehicle */,
				F6ADCC402785B08A00A1CE80 /* utils */,
			);
			path = viewmodels;
			sourceTree = "<group>";
		};
		E219C28A2752ECC200870896 /* views */ = {
			isa = PBXGroup;
			children = (
				E2550F0F2757C66B0059B96C /* common */,
				E28538862755BE800008F6FB /* applications */,
				F692786C27794466003BD0D5 /* map */,
				F6ADCC4F2787A17600A1CE80 /* vehicle */,
				E2853887275658E20008F6FB /* utils */,
				E2589B0727523A4100BFF698 /* autorentApp.swift */,
				E29B397D2754498B004CE06A /* MainView.swift */,
			);
			path = views;
			sourceTree = "<group>";
		};
		E2550F0F2757C66B0059B96C /* common */ = {
			isa = PBXGroup;
			children = (
				E2550F132757D72D0059B96C /* ButtonFilterStyle.swift */,
				E2550F042757B9AC0059B96C /* EmptyView.swift */,
				E27EA41A2757806C001F7BB4 /* ErrorView.swift */,
				E27EA41627576CDB001F7BB4 /* LoadingRowView.swift */,
				E27EA41827577CCD001F7BB4 /* LoadingView.swift */,
				E2550F152757E60C0059B96C /* TabBarItemView.swift */,
				F6ADCC4B278730C900A1CE80 /* DatetimePicker.swift */,
			);
			path = common;
			sourceTree = "<group>";
		};
		E2550F102757C68D0059B96C /* applications */ = {
			isa = PBXGroup;
			children = (
				E29B39772753DC78004CE06A /* ApplicationsViewModel.swift */,
				E29B3979275430D3004CE06A /* ApplicationViewModel.swift */,
			);
			path = applications;
			sourceTree = "<group>";
		};
		E2550F112757C6A60059B96C /* application */ = {
			isa = PBXGroup;
			children = (
				E29B396F27539BC5004CE06A /* Application.swift */,
				F6ADCC26277B2FB100A1CE80 /* ApplicationItem.swift */,
				F6ADCC28277B307600A1CE80 /* ApplicationItemVehicleParams.swift */,
				F6ADCC3A2781A12B00A1CE80 /* ApplicationItemVehicleOption.swift */,
				F6ADCC33277BEADB00A1CE80 /* ApplicationHistory.swift */,
			);
			path = application;
			sourceTree = "<group>";
		};
		E2550F122757C6B20059B96C /* common */ = {
			isa = PBXGroup;
			children = (
				E27EA4122756AB03001F7BB4 /* Entity.swift */,
				E27EA41427575623001F7BB4 /* Pagination.swift */,
				F6ADCC2F277BE96500A1CE80 /* BaseDictionary.swift */,
				F6ADCC31277BE9F400A1CE80 /* BaseHistory.swift */,
				F6ADCC2D277BE8D000A1CE80 /* BaseStatus.swift */,
			);
			path = common;
			sourceTree = "<group>";
		};
		E2589AFB27523A4100BFF698 = {
			isa = PBXGroup;
			children = (
				E2589B0627523A4100BFF698 /* autorent */,
				E2589B0527523A4100BFF698 /* Products */,
				E974207F4B18AAB0C31B1E8E /* Pods */,
				5F687AF7647AC2B50CAC276A /* Frameworks */,
			);
			sourceTree = "<group>";
		};
		E2589B0527523A4100BFF698 /* Products */ = {
			isa = PBXGroup;
			children = (
				E2589B0427523A4100BFF698 /* autorent.app */,
			);
			name = Products;
			sourceTree = "<group>";
		};
		E2589B0627523A4100BFF698 /* autorent */ = {
			isa = PBXGroup;
			children = (
				E29B397127539DB3004CE06A /* repositories */,
				E219C2882752EC9600870896 /* models */,
				E219C28A2752ECC200870896 /* views */,
				E219C2892752ECB900870896 /* viewmodels */,
				E2589B0B27523A4F00BFF698 /* Assets.xcassets */,
				E2589B1027523A4F00BFF698 /* Info.plist */,
				E2550F0D2757C3780059B96C /* Localizable.strings */,
				E2589B0D27523A4F00BFF698 /* Preview Content */,
			);
			path = autorent;
			sourceTree = "<group>";
		};
		E2589B0D27523A4F00BFF698 /* Preview Content */ = {
			isa = PBXGroup;
			children = (
				E2589B0E27523A4F00BFF698 /* Preview Assets.xcassets */,
			);
			path = "Preview Content";
			sourceTree = "<group>";
		};
		E28538862755BE800008F6FB /* applications */ = {
			isa = PBXGroup;
			children = (
				E29B397B27543257004CE06A /* ApplicationView.swift */,
				F6927865277920B2003BD0D5 /* ApplicationMainView.swift */,
				F6ADCC412785B62100A1CE80 /* ApplicationMainEditView.swift */,
				F6ADCC432785B6A500A1CE80 /* ApplicationItemView.swift */,
				F6ADCC472786E92A00A1CE80 /* ApplicationItemEditView.swift */,
				F6ADCC35277BEB3700A1CE80 /* ApplicationHistoryView.swift */,
				E2589B0927523A4100BFF698 /* ApplicationsView.swift */,
				E28538842755BE560008F6FB /* ApplicationsRowView.swift */,
			);
			path = applications;
			sourceTree = "<group>";
		};
		E2853887275658E20008F6FB /* utils */ = {
			isa = PBXGroup;
			children = (
				E2853888275658F50008F6FB /* Color.swift */,
				F6ADCC452785D0CC00A1CE80 /* ModeView.swift */,
			);
			path = utils;
			sourceTree = "<group>";
		};
		E29B397127539DB3004CE06A /* repositories */ = {
			isa = PBXGroup;
			children = (
				F6ADCC592789B93D00A1CE80 /* models */,
				F6ADCC542788512F00A1CE80 /* NetworkService.swift */,
				E29B397227539DD6004CE06A /* ApplicationRepository.swift */,
				F6ADCC52278850F200A1CE80 /* DictionaryRepository.swift */,
			);
			path = repositories;
			sourceTree = "<group>";
		};
		E974207F4B18AAB0C31B1E8E /* Pods */ = {
			isa = PBXGroup;
			children = (
				8E499A64F43267DE09131D0C /* Pods-autorent.debug.xcconfig */,
				9ECB5D45DAEC621C4F164619 /* Pods-autorent.release.xcconfig */,
			);
			path = Pods;
			sourceTree = "<group>";
		};
		F692786727793B6E003BD0D5 /* user */ = {
			isa = PBXGroup;
			children = (
				F692786827793B89003BD0D5 /* User.swift */,
				F692786A27793BE6003BD0D5 /* UserProfile.swift */,
			);
			path = user;
			sourceTree = "<group>";
		};
		F692786C27794466003BD0D5 /* map */ = {
			isa = PBXGroup;
			children = (
				E28538802754DE3D0008F6FB /* MapView.swift */,
			);
			path = map;
			sourceTree = "<group>";
		};
		F692786F277A83BE003BD0D5 /* address */ = {
			isa = PBXGroup;
			children = (
				F6927878277A84C6003BD0D5 /* Address.swift */,
				F6927870277A83E7003BD0D5 /* AddressRegion.swift */,
				F6927874277A8465003BD0D5 /* AddressDistrict.swift */,
				F6927872277A8445003BD0D5 /* AddressCity.swift */,
				F6927876277A8493003BD0D5 /* AddressStreet.swift */,
			);
			path = address;
			sourceTree = "<group>";
		};
		F6ADCC2C277B311400A1CE80 /* vehicle */ = {
			isa = PBXGroup;
			children = (
				F6ADCC2A277B30EE00A1CE80 /* VehicleType.swift */,
				F6ADCC3C2782DC8700A1CE80 /* VehicleOption.swift */,
				F6ADCC3E2782DCF700A1CE80 /* VehicleOptionType.swift */,
			);
			path = vehicle;
			sourceTree = "<group>";
		};
		F6ADCC402785B08A00A1CE80 /* utils */ = {
			isa = PBXGroup;
			children = (
				F692786D277947C6003BD0D5 /* Utils.swift */,
			);
			path = utils;
			sourceTree = "<group>";
		};
		F6ADCC4F2787A17600A1CE80 /* vehicle */ = {
			isa = PBXGroup;
			children = (
				F6ADCC502787A1B100A1CE80 /* PickerVehicleTypesView.swift */,
			);
			path = vehicle;
			sourceTree = "<group>";
		};
		F6ADCC56278859D300A1CE80 /* vehicle */ = {
			isa = PBXGroup;
			children = (
				F6ADCC57278859F200A1CE80 /* VehicleTypesViewModel.swift */,
			);
			path = vehicle;
			sourceTree = "<group>";
		};
		F6ADCC592789B93D00A1CE80 /* models */ = {
			isa = PBXGroup;
			children = (
				F6ADCC5A2789B94B00A1CE80 /* ApplicationModel.swift */,
			);
			path = models;
			sourceTree = "<group>";
		};
/* End PBXGroup section */

/* Begin PBXNativeTarget section */
		E2589B0327523A4100BFF698 /* autorent */ = {
			isa = PBXNativeTarget;
			buildConfigurationList = E2589B1327523A5000BFF698 /* Build configuration list for PBXNativeTarget "autorent" */;
			buildPhases = (
				BCA2066ADCB059C8C0977649 /* [CP] Check Pods Manifest.lock */,
				E2589B0027523A4100BFF698 /* Sources */,
				E2589B0127523A4100BFF698 /* Frameworks */,
				E2589B0227523A4100BFF698 /* Resources */,
				F0236A090B20914F92FB186A /* [CP] Embed Pods Frameworks */,
			);
			buildRules = (
			);
			dependencies = (
			);
			name = autorent;
			productName = autorent;
			productReference = E2589B0427523A4100BFF698 /* autorent.app */;
			productType = "com.apple.product-type.application";
		};
/* End PBXNativeTarget section */

/* Begin PBXProject section */
		E2589AFC27523A4100BFF698 /* Project object */ = {
			isa = PBXProject;
			attributes = {
				LastSwiftUpdateCheck = 1250;
				LastUpgradeCheck = 1320;
				TargetAttributes = {
					E2589B0327523A4100BFF698 = {
						CreatedOnToolsVersion = 12.5.1;
					};
				};
			};
			buildConfigurationList = E2589AFF27523A4100BFF698 /* Build configuration list for PBXProject "autorent" */;
			compatibilityVersion = "Xcode 9.3";
			developmentRegion = en;
			hasScannedForEncodings = 0;
			knownRegions = (
				en,
				ru,
				Base,
			);
			mainGroup = E2589AFB27523A4100BFF698;
			productRefGroup = E2589B0527523A4100BFF698 /* Products */;
			projectDirPath = "";
			projectRoot = "";
			targets = (
				E2589B0327523A4100BFF698 /* autorent */,
			);
		};
/* End PBXProject section */

/* Begin PBXResourcesBuildPhase section */
		E2589B0227523A4100BFF698 /* Resources */ = {
			isa = PBXResourcesBuildPhase;
			buildActionMask = 2147483647;
			files = (
				E2589B0F27523A4F00BFF698 /* Preview Assets.xcassets in Resources */,
				E2550F0B2757C3780059B96C /* Localizable.strings in Resources */,
				E2589B0C27523A4F00BFF698 /* Assets.xcassets in Resources */,
			);
			runOnlyForDeploymentPostprocessing = 0;
		};
/* End PBXResourcesBuildPhase section */

/* Begin PBXShellScriptBuildPhase section */
		BCA2066ADCB059C8C0977649 /* [CP] Check Pods Manifest.lock */ = {
			isa = PBXShellScriptBuildPhase;
			buildActionMask = 2147483647;
			files = (
			);
			inputFileListPaths = (
			);
			inputPaths = (
				"${PODS_PODFILE_DIR_PATH}/Podfile.lock",
				"${PODS_ROOT}/Manifest.lock",
			);
			name = "[CP] Check Pods Manifest.lock";
			outputFileListPaths = (
			);
			outputPaths = (
				"$(DERIVED_FILE_DIR)/Pods-autorent-checkManifestLockResult.txt",
			);
			runOnlyForDeploymentPostprocessing = 0;
			shellPath = /bin/sh;
			shellScript = "diff \"${PODS_PODFILE_DIR_PATH}/Podfile.lock\" \"${PODS_ROOT}/Manifest.lock\" > /dev/null\nif [ $? != 0 ] ; then\n    # print error to STDERR\n    echo \"error: The sandbox is not in sync with the Podfile.lock. Run 'pod install' or update your CocoaPods installation.\" >&2\n    exit 1\nfi\n# This output is used by Xcode 'outputs' to avoid re-running this script phase.\necho \"SUCCESS\" > \"${SCRIPT_OUTPUT_FILE_0}\"\n";
			showEnvVarsInLog = 0;
		};
		F0236A090B20914F92FB186A /* [CP] Embed Pods Frameworks */ = {
			isa = PBXShellScriptBuildPhase;
			buildActionMask = 2147483647;
			files = (
			);
			inputFileListPaths = (
				"${PODS_ROOT}/Target Support Files/Pods-autorent/Pods-autorent-frameworks-${CONFIGURATION}-input-files.xcfilelist",
			);
			name = "[CP] Embed Pods Frameworks";
			outputFileListPaths = (
				"${PODS_ROOT}/Target Support Files/Pods-autorent/Pods-autorent-frameworks-${CONFIGURATION}-output-files.xcfilelist",
			);
			runOnlyForDeploymentPostprocessing = 0;
			shellPath = /bin/sh;
			shellScript = "\"${PODS_ROOT}/Target Support Files/Pods-autorent/Pods-autorent-frameworks.sh\"\n";
			showEnvVarsInLog = 0;
		};
/* End PBXShellScriptBuildPhase section */

/* Begin PBXSourcesBuildPhase section */
		E2589B0027523A4100BFF698 /* Sources */ = {
			isa = PBXSourcesBuildPhase;
			buildActionMask = 2147483647;
			files = (
				F6ADCC512787A1B100A1CE80 /* PickerVehicleTypesView.swift in Sources */,
				F6ADCC5B2789B94B00A1CE80 /* ApplicationModel.swift in Sources */,
				E29B397027539BC5004CE06A /* Application.swift in Sources */,
				F6ADCC27277B2FB100A1CE80 /* ApplicationItem.swift in Sources */,
				E29B397E2754498C004CE06A /* MainView.swift in Sources */,
				E2853889275658F50008F6FB /* Color.swift in Sources */,
				E29B397A275430D3004CE06A /* ApplicationViewModel.swift in Sources */,
				F6ADCC462785D0CC00A1CE80 /* ModeView.swift in Sources */,
				F6ADCC58278859F200A1CE80 /* VehicleTypesViewModel.swift in Sources */,
				E29B397327539DD6004CE06A /* ApplicationRepository.swift in Sources */,
				F6ADCC30277BE96500A1CE80 /* BaseDictionary.swift in Sources */,
				F6927873277A8445003BD0D5 /* AddressCity.swift in Sources */,
				F6ADCC36277BEB3700A1CE80 /* ApplicationHistoryView.swift in Sources */,
				F6927879277A84C6003BD0D5 /* Address.swift in Sources */,
				E28538852755BE560008F6FB /* ApplicationsRowView.swift in Sources */,
				F6ADCC552788512F00A1CE80 /* NetworkService.swift in Sources */,
				F6ADCC3B2781A12B00A1CE80 /* ApplicationItemVehicleOption.swift in Sources */,
				E2589B0A27523A4100BFF698 /* ApplicationsView.swift in Sources */,
				F6ADCC3D2782DC8700A1CE80 /* VehicleOption.swift in Sources */,
				F6ADCC32277BE9F400A1CE80 /* BaseHistory.swift in Sources */,
				F6ADCC2E277BE8D000A1CE80 /* BaseStatus.swift in Sources */,
				E2550F052757B9AC0059B96C /* EmptyView.swift in Sources */,
				F6ADCC53278850F200A1CE80 /* DictionaryRepository.swift in Sources */,
				F6927866277920B2003BD0D5 /* ApplicationMainView.swift in Sources */,
				F6ADCC3F2782DCF700A1CE80 /* VehicleOptionType.swift in Sources */,
				E29B397C27543257004CE06A /* ApplicationView.swift in Sources */,
				E27EA41927577CCD001F7BB4 /* LoadingView.swift in Sources */,
				E27EA4132756AB03001F7BB4 /* Entity.swift in Sources */,
				F6ADCC422785B62100A1CE80 /* ApplicationMainEditView.swift in Sources */,
				F6ADCC2B277B30EE00A1CE80 /* VehicleType.swift in Sources */,
				E28538812754DE3D0008F6FB /* MapView.swift in Sources */,
				F6ADCC29277B307600A1CE80 /* ApplicationItemVehicleParams.swift in Sources */,
				E2589B0827523A4100BFF698 /* autorentApp.swift in Sources */,
				E2550F162757E60C0059B96C /* TabBarItemView.swift in Sources */,
				F692786E277947C6003BD0D5 /* Utils.swift in Sources */,
				F6927871277A83E7003BD0D5 /* AddressRegion.swift in Sources */,
				F6927875277A8465003BD0D5 /* AddressDistrict.swift in Sources */,
				E2550F142757D72D0059B96C /* ButtonFilterStyle.swift in Sources */,
				F692786B27793BE6003BD0D5 /* UserProfile.swift in Sources */,
				E27EA41727576CDB001F7BB4 /* LoadingRowView.swift in Sources */,
				F6ADCC482786E92A00A1CE80 /* ApplicationItemEditView.swift in Sources */,
				F6ADCC34277BEADB00A1CE80 /* ApplicationHistory.swift in Sources */,
				F6927877277A8493003BD0D5 /* AddressStreet.swift in Sources */,
				F6ADCC4C278730C900A1CE80 /* DatetimePicker.swift in Sources */,
				E29B39782753DC79004CE06A /* ApplicationsViewModel.swift in Sources */,
				E27EA41527575623001F7BB4 /* Pagination.swift in Sources */,
				E27EA41B2757806C001F7BB4 /* ErrorView.swift in Sources */,
				F692786927793B89003BD0D5 /* User.swift in Sources */,
				F6ADCC442785B6A500A1CE80 /* ApplicationItemView.swift in Sources */,
			);
			runOnlyForDeploymentPostprocessing = 0;
		};
/* End PBXSourcesBuildPhase section */

/* Begin PBXVariantGroup section */
		E2550F0D2757C3780059B96C /* Localizable.strings */ = {
			isa = PBXVariantGroup;
			children = (
				E2550F0C2757C3780059B96C /* ru */,
				E2550F0E2757C3DA0059B96C /* en */,
			);
			name = Localizable.strings;
			sourceTree = "<group>";
		};
/* End PBXVariantGroup section */

/* Begin XCBuildConfiguration section */
		E2589B1127523A5000BFF698 /* Debug */ = {
			isa = XCBuildConfiguration;
			buildSettings = {
				ALWAYS_SEARCH_USER_PATHS = NO;
				CLANG_ANALYZER_LOCALIZABILITY_NONLOCALIZED = YES;
				CLANG_ANALYZER_NONNULL = YES;
				CLANG_ANALYZER_NUMBER_OBJECT_CONVERSION = YES_AGGRESSIVE;
				CLANG_CXX_LANGUAGE_STANDARD = "gnu++14";
				CLANG_CXX_LIBRARY = "libc++";
				CLANG_ENABLE_MODULES = YES;
				CLANG_ENABLE_OBJC_ARC = YES;
				CLANG_ENABLE_OBJC_WEAK = YES;
				CLANG_WARN_BLOCK_CAPTURE_AUTORELEASING = YES;
				CLANG_WARN_BOOL_CONVERSION = YES;
				CLANG_WARN_COMMA = YES;
				CLANG_WARN_CONSTANT_CONVERSION = YES;
				CLANG_WARN_DEPRECATED_OBJC_IMPLEMENTATIONS = YES;
				CLANG_WARN_DIRECT_OBJC_ISA_USAGE = YES_ERROR;
				CLANG_WARN_DOCUMENTATION_COMMENTS = YES;
				CLANG_WARN_EMPTY_BODY = YES;
				CLANG_WARN_ENUM_CONVERSION = YES;
				CLANG_WARN_INFINITE_RECURSION = YES;
				CLANG_WARN_INT_CONVERSION = YES;
				CLANG_WARN_NON_LITERAL_NULL_CONVERSION = YES;
				CLANG_WARN_OBJC_IMPLICIT_RETAIN_SELF = YES;
				CLANG_WARN_OBJC_LITERAL_CONVERSION = YES;
				CLANG_WARN_OBJC_ROOT_CLASS = YES_ERROR;
				CLANG_WARN_QUOTED_INCLUDE_IN_FRAMEWORK_HEADER = YES;
				CLANG_WARN_RANGE_LOOP_ANALYSIS = YES;
				CLANG_WARN_STRICT_PROTOTYPES = YES;
				CLANG_WARN_SUSPICIOUS_MOVE = YES;
				CLANG_WARN_UNGUARDED_AVAILABILITY = YES_AGGRESSIVE;
				CLANG_WARN_UNREACHABLE_CODE = YES;
				CLANG_WARN__DUPLICATE_METHOD_MATCH = YES;
				COPY_PHASE_STRIP = NO;
				DEBUG_INFORMATION_FORMAT = dwarf;
				ENABLE_STRICT_OBJC_MSGSEND = YES;
				ENABLE_TESTABILITY = YES;
				GCC_C_LANGUAGE_STANDARD = gnu11;
				GCC_DYNAMIC_NO_PIC = NO;
				GCC_NO_COMMON_BLOCKS = YES;
				GCC_OPTIMIZATION_LEVEL = 0;
				GCC_PREPROCESSOR_DEFINITIONS = (
					"DEBUG=1",
					"$(inherited)",
				);
				GCC_WARN_64_TO_32_BIT_CONVERSION = YES;
				GCC_WARN_ABOUT_RETURN_TYPE = YES_ERROR;
				GCC_WARN_UNDECLARED_SELECTOR = YES;
				GCC_WARN_UNINITIALIZED_AUTOS = YES_AGGRESSIVE;
				GCC_WARN_UNUSED_FUNCTION = YES;
				GCC_WARN_UNUSED_VARIABLE = YES;
				IPHONEOS_DEPLOYMENT_TARGET = 14.5;
				MTL_ENABLE_DEBUG_INFO = INCLUDE_SOURCE;
				MTL_FAST_MATH = YES;
				ONLY_ACTIVE_ARCH = YES;
				SDKROOT = iphoneos;
				SWIFT_ACTIVE_COMPILATION_CONDITIONS = DEBUG;
				SWIFT_OPTIMIZATION_LEVEL = "-Onone";
			};
			name = Debug;
		};
		E2589B1227523A5000BFF698 /* Release */ = {
			isa = XCBuildConfiguration;
			buildSettings = {
				ALWAYS_SEARCH_USER_PATHS = NO;
				CLANG_ANALYZER_LOCALIZABILITY_NONLOCALIZED = YES;
				CLANG_ANALYZER_NONNULL = YES;
				CLANG_ANALYZER_NUMBER_OBJECT_CONVERSION = YES_AGGRESSIVE;
				CLANG_CXX_LANGUAGE_STANDARD = "gnu++14";
				CLANG_CXX_LIBRARY = "libc++";
				CLANG_ENABLE_MODULES = YES;
				CLANG_ENABLE_OBJC_ARC = YES;
				CLANG_ENABLE_OBJC_WEAK = YES;
				CLANG_WARN_BLOCK_CAPTURE_AUTORELEASING = YES;
				CLANG_WARN_BOOL_CONVERSION = YES;
				CLANG_WARN_COMMA = YES;
				CLANG_WARN_CONSTANT_CONVERSION = YES;
				CLANG_WARN_DEPRECATED_OBJC_IMPLEMENTATIONS = YES;
				CLANG_WARN_DIRECT_OBJC_ISA_USAGE = YES_ERROR;
				CLANG_WARN_DOCUMENTATION_COMMENTS = YES;
				CLANG_WARN_EMPTY_BODY = YES;
				CLANG_WARN_ENUM_CONVERSION = YES;
				CLANG_WARN_INFINITE_RECURSION = YES;
				CLANG_WARN_INT_CONVERSION = YES;
				CLANG_WARN_NON_LITERAL_NULL_CONVERSION = YES;
				CLANG_WARN_OBJC_IMPLICIT_RETAIN_SELF = YES;
				CLANG_WARN_OBJC_LITERAL_CONVERSION = YES;
				CLANG_WARN_OBJC_ROOT_CLASS = YES_ERROR;
				CLANG_WARN_QUOTED_INCLUDE_IN_FRAMEWORK_HEADER = YES;
				CLANG_WARN_RANGE_LOOP_ANALYSIS = YES;
				CLANG_WARN_STRICT_PROTOTYPES = YES;
				CLANG_WARN_SUSPICIOUS_MOVE = YES;
				CLANG_WARN_UNGUARDED_AVAILABILITY = YES_AGGRESSIVE;
				CLANG_WARN_UNREACHABLE_CODE = YES;
				CLANG_WARN__DUPLICATE_METHOD_MATCH = YES;
				COPY_PHASE_STRIP = NO;
				DEBUG_INFORMATION_FORMAT = "dwarf-with-dsym";
				ENABLE_NS_ASSERTIONS = NO;
				ENABLE_STRICT_OBJC_MSGSEND = YES;
				GCC_C_LANGUAGE_STANDARD = gnu11;
				GCC_NO_COMMON_BLOCKS = YES;
				GCC_WARN_64_TO_32_BIT_CONVERSION = YES;
				GCC_WARN_ABOUT_RETURN_TYPE = YES_ERROR;
				GCC_WARN_UNDECLARED_SELECTOR = YES;
				GCC_WARN_UNINITIALIZED_AUTOS = YES_AGGRESSIVE;
				GCC_WARN_UNUSED_FUNCTION = YES;
				GCC_WARN_UNUSED_VARIABLE = YES;
				IPHONEOS_DEPLOYMENT_TARGET = 14.5;
				MTL_ENABLE_DEBUG_INFO = NO;
				MTL_FAST_MATH = YES;
				SDKROOT = iphoneos;
				SWIFT_COMPILATION_MODE = wholemodule;
				SWIFT_OPTIMIZATION_LEVEL = "-O";
				VALIDATE_PRODUCT = YES;
			};
			name = Release;
		};
		E2589B1427523A5000BFF698 /* Debug */ = {
			isa = XCBuildConfiguration;
			baseConfigurationReference = 8E499A64F43267DE09131D0C /* Pods-autorent.debug.xcconfig */;
			buildSettings = {
				ASSETCATALOG_COMPILER_APPICON_NAME = AppIcon;
				ASSETCATALOG_COMPILER_GLOBAL_ACCENT_COLOR_NAME = AccentColor;
				CODE_SIGN_STYLE = Automatic;
				DEVELOPMENT_ASSET_PATHS = "\"autorent/Preview Content\"";
				ENABLE_PREVIEWS = YES;
				INFOPLIST_FILE = autorent/Info.plist;
				IPHONEOS_DEPLOYMENT_TARGET = 14.0;
				LD_RUNPATH_SEARCH_PATHS = (
					"$(inherited)",
					"@executable_path/Frameworks",
				);
				PRODUCT_BUNDLE_IDENTIFIER = ru.sedcom.autorent;
				PRODUCT_NAME = "$(TARGET_NAME)";
				SWIFT_VERSION = 5.0;
				TARGETED_DEVICE_FAMILY = "1,2";
			};
			name = Debug;
		};
		E2589B1527523A5000BFF698 /* Release */ = {
			isa = XCBuildConfiguration;
			baseConfigurationReference = 9ECB5D45DAEC621C4F164619 /* Pods-autorent.release.xcconfig */;
			buildSettings = {
				ASSETCATALOG_COMPILER_APPICON_NAME = AppIcon;
				ASSETCATALOG_COMPILER_GLOBAL_ACCENT_COLOR_NAME = AccentColor;
				CODE_SIGN_STYLE = Automatic;
				DEVELOPMENT_ASSET_PATHS = "\"autorent/Preview Content\"";
				ENABLE_PREVIEWS = YES;
				INFOPLIST_FILE = autorent/Info.plist;
				IPHONEOS_DEPLOYMENT_TARGET = 14.0;
				LD_RUNPATH_SEARCH_PATHS = (
					"$(inherited)",
					"@executable_path/Frameworks",
				);
				PRODUCT_BUNDLE_IDENTIFIER = ru.sedcom.autorent;
				PRODUCT_NAME = "$(TARGET_NAME)";
				SWIFT_VERSION = 5.0;
				TARGETED_DEVICE_FAMILY = "1,2";
			};
			name = Release;
		};
/* End XCBuildConfiguration section */

/* Begin XCConfigurationList section */
		E2589AFF27523A4100BFF698 /* Build configuration list for PBXProject "autorent" */ = {
			isa = XCConfigurationList;
			buildConfigurations = (
				E2589B1127523A5000BFF698 /* Debug */,
				E2589B1227523A5000BFF698 /* Release */,
			);
			defaultConfigurationIsVisible = 0;
			defaultConfigurationName = Release;
		};
		E2589B1327523A5000BFF698 /* Build configuration list for PBXNativeTarget "autorent" */ = {
			isa = XCConfigurationList;
			buildConfigurations = (
				E2589B1427523A5000BFF698 /* Debug */,
				E2589B1527523A5000BFF698 /* Release */,
			);
			defaultConfigurationIsVisible = 0;
			defaultConfigurationName = Release;
		};
/* End XCConfigurationList section */
	};
	rootObject = E2589AFC27523A4100BFF698 /* Project object */;
}
